
Microsoft Visual Studio Solution File, Format Version 12.00
# Visual Studio Version 16
VisualStudioVersion = 16.0.31911.196
MinimumVisualStudioVersion = 10.0.40219.1
Project("{FAE04EC0-301F-11D3-BF4B-00C04F79EFBC}") = "LivrariaAPIs", "LivrariaAPIs\LivrariaAPIs.csproj", "{34B3892C-E421-4BCC-A618-CD5583F254BF}"
EndProject
Global
	GlobalSection(SolutionConfigurationPlatforms) = preSolution
		Debug|Any CPU = Debug|Any CPU
		Release|Any CPU = Release|Any CPU
	EndGlobalSection
	GlobalSection(ProjectConfigurationPlatforms) = postSolution
		{34B3892C-E421-4BCC-A618-CD5583F254BF}.Debug|Any CPU.ActiveCfg = Debug|Any CPU
		{34B3892C-E421-4BCC-A618-CD5583F254BF}.Debug|Any CPU.Build.0 = Debug|Any CPU
		{34B3892C-E421-4BCC-A618-CD5583F254BF}.Release|Any CPU.ActiveCfg = Release|Any CPU
		{34B3892C-E421-4BCC-A618-CD5583F254BF}.Release|Any CPU.Build.0 = Release|Any CPU
	EndGlobalSection
	GlobalSection(SolutionProperties) = preSolution
		HideSolutionNode = FALSE
	EndGlobalSection
	GlobalSection(ExtensibilityGlobals) = postSolution
		SolutionGuid = {DAF90AF3-A5D7-48BF-AB65-46B9F47C1921}
	EndGlobalSection
EndGlobal
